
Microsoft Visual Studio Solution File, Format Version 12.00
Project("{FAE04EC0-301F-11D3-BF4B-00C04F79EFBC}") = "ForCarousel", "ForCarousel.csproj", "{CFBDDBC2-8197-4EAF-AE87-FCF0C42EE682}"
EndProject
Global
	GlobalSection(SolutionConfigurationPlatforms) = preSolution
		Debug|Any CPU = Debug|Any CPU
		Release|Any CPU = Release|Any CPU
	EndGlobalSection
	GlobalSection(ProjectConfigurationPlatforms) = postSolution
		{CFBDDBC2-8197-4EAF-AE87-FCF0C42EE682}.Debug|Any CPU.ActiveCfg = Debug|Any CPU
		{CFBDDBC2-8197-4EAF-AE87-FCF0C42EE682}.Debug|Any CPU.Build.0 = Debug|Any CPU
		{CFBDDBC2-8197-4EAF-AE87-FCF0C42EE682}.Release|Any CPU.ActiveCfg = Release|Any CPU
		{CFBDDBC2-8197-4EAF-AE87-FCF0C42EE682}.Release|Any CPU.Build.0 = Release|Any CPU
	EndGlobalSection
EndGlobal
